
Microsoft Visual Studio Solution File, Format Version 12.00
# Visual Studio Version 17
VisualStudioVersion = 17.4.33103.184
MinimumVisualStudioVersion = 10.0.40219.1
Project("{FAE04EC0-301F-11D3-BF4B-00C04F79EFBC}") = "FormViewModelExample.Web", "FormViewModelExample.Web\FormViewModelExample.Web.csproj", "{135B4CCA-8FDB-4BA6-8A9E-E5CC49B06F07}"
EndProject
Global
	GlobalSection(SolutionConfigurationPlatforms) = preSolution
		Debug|Any CPU = Debug|Any CPU
		Release|Any CPU = Release|Any CPU
	EndGlobalSection
	GlobalSection(ProjectConfigurationPlatforms) = postSolution
		{135B4CCA-8FDB-4BA6-8A9E-E5CC49B06F07}.Debug|Any CPU.ActiveCfg = Debug|Any CPU
		{135B4CCA-8FDB-4BA6-8A9E-E5CC49B06F07}.Debug|Any CPU.Build.0 = Debug|Any CPU
		{135B4CCA-8FDB-4BA6-8A9E-E5CC49B06F07}.Release|Any CPU.ActiveCfg = Release|Any CPU
		{135B4CCA-8FDB-4BA6-8A9E-E5CC49B06F07}.Release|Any CPU.Build.0 = Release|Any CPU
	EndGlobalSection
	GlobalSection(SolutionProperties) = preSolution
		HideSolutionNode = FALSE
	EndGlobalSection
	GlobalSection(ExtensibilityGlobals) = postSolution
		SolutionGuid = {96E447E6-1E2F-4C20-9DF3-8E5C6958F43E}
	EndGlobalSection
EndGlobal
